
Microsoft Visual Studio Solution File, Format Version 12.00
# Visual Studio Version 17
VisualStudioVersion = 17.1.32210.238
MinimumVisualStudioVersion = 10.0.40219.1
Project("{FAE04EC0-301F-11D3-BF4B-00C04F79EFBC}") = "Company.PL", "Company.PL\Company.PL.csproj", "{6C5DFF09-1657-41A2-8C0F-1F67D89FC6DD}"
EndProject
Project("{FAE04EC0-301F-11D3-BF4B-00C04F79EFBC}") = "Company.DAL", "Company.DAL\Company.DAL.csproj", "{11C2582F-0FED-4619-9F33-FFBA9816E5C9}"
EndProject
Project("{FAE04EC0-301F-11D3-BF4B-00C04F79EFBC}") = "Company.BL", "Company.BL\Company.BL.csproj", "{8762F0AD-14F1-43E0-BD8E-5926934B8ACB}"
EndProject
Global
	GlobalSection(SolutionConfigurationPlatforms) = preSolution
		Debug|Any CPU = Debug|Any CPU
		Release|Any CPU = Release|Any CPU
	EndGlobalSection
	GlobalSection(ProjectConfigurationPlatforms) = postSolution
		{6C5DFF09-1657-41A2-8C0F-1F67D89FC6DD}.Debug|Any CPU.ActiveCfg = Debug|Any CPU
		{6C5DFF09-1657-41A2-8C0F-1F67D89FC6DD}.Debug|Any CPU.Build.0 = Debug|Any CPU
		{6C5DFF09-1657-41A2-8C0F-1F67D89FC6DD}.Release|Any CPU.ActiveCfg = Release|Any CPU
		{6C5DFF09-1657-41A2-8C0F-1F67D89FC6DD}.Release|Any CPU.Build.0 = Release|Any CPU
		{11C2582F-0FED-4619-9F33-FFBA9816E5C9}.Debug|Any CPU.ActiveCfg = Debug|Any CPU
		{11C2582F-0FED-4619-9F33-FFBA9816E5C9}.Debug|Any CPU.Build.0 = Debug|Any CPU
		{11C2582F-0FED-4619-9F33-FFBA9816E5C9}.Release|Any CPU.ActiveCfg = Release|Any CPU
		{11C2582F-0FED-4619-9F33-FFBA9816E5C9}.Release|Any CPU.Build.0 = Release|Any CPU
		{8762F0AD-14F1-43E0-BD8E-5926934B8ACB}.Debug|Any CPU.ActiveCfg = Debug|Any CPU
		{8762F0AD-14F1-43E0-BD8E-5926934B8ACB}.Debug|Any CPU.Build.0 = Debug|Any CPU
		{8762F0AD-14F1-43E0-BD8E-5926934B8ACB}.Release|Any CPU.ActiveCfg = Release|Any CPU
		{8762F0AD-14F1-43E0-BD8E-5926934B8ACB}.Release|Any CPU.Build.0 = Release|Any CPU
	EndGlobalSection
	GlobalSection(SolutionProperties) = preSolution
		HideSolutionNode = FALSE
	EndGlobalSection
	GlobalSection(ExtensibilityGlobals) = postSolution
		SolutionGuid = {D24F1AD6-126C-4446-ACAB-59DE322F93C0}
	EndGlobalSection
EndGlobal
